
Microsoft Visual Studio Solution File, Format Version 12.00
# Visual Studio Version 17
VisualStudioVersion = 17.14.35906.104 d17.14
MinimumVisualStudioVersion = 10.0.40219.1
Project("{FAE04EC0-301F-11D3-BF4B-00C04F79EFBC}") = "TestApp02", "TestApp02.csproj", "{BFB4A3C4-894D-4422-ACE1-8BD0E443E5A0}"
EndProject
Global
	GlobalSection(SolutionConfigurationPlatforms) = preSolution
		Debug|Any CPU = Debug|Any CPU
		Release|Any CPU = Release|Any CPU
	EndGlobalSection
	GlobalSection(ProjectConfigurationPlatforms) = postSolution
		{BFB4A3C4-894D-4422-ACE1-8BD0E443E5A0}.Debug|Any CPU.ActiveCfg = Debug|Any CPU
		{BFB4A3C4-894D-4422-ACE1-8BD0E443E5A0}.Debug|Any CPU.Build.0 = Debug|Any CPU
		{BFB4A3C4-894D-4422-ACE1-8BD0E443E5A0}.Release|Any CPU.ActiveCfg = Release|Any CPU
		{BFB4A3C4-894D-4422-ACE1-8BD0E443E5A0}.Release|Any CPU.Build.0 = Release|Any CPU
	EndGlobalSection
	GlobalSection(SolutionProperties) = preSolution
		HideSolutionNode = FALSE
	EndGlobalSection
	GlobalSection(ExtensibilityGlobals) = postSolution
		SolutionGuid = {4360D416-2C14-4CAA-B9FC-8C046CC19064}
	EndGlobalSection
EndGlobal
